{
    "version": 3,
    "terraform_version": "0.11.3",
    "serial": 14,
    "lineage": "c994cba9-b3d1-49e8-96eb-050af8800a38",
    "modules": [
        {
            "path": [
                "root"
            ],
            "outputs": {},
            "resources": {
                "aws_instance.inst1": {
                    "type": "aws_instance",
                    "depends_on": [
                        "aws_key_pair.main",
                        "data.aws_ami.ubuntu",
                        "module.networking"
                    ],
                    "primary": {
                        "id": "i-05d50c76a3a52c09b",
                        "attributes": {
                            "ami": "ami-bc9bd7d0",
                            "associate_public_ip_address": "true",
                            "availability_zone": "sa-east-1a",
                            "disable_api_termination": "false",
                            "ebs_block_device.#": "0",
                            "ebs_optimized": "false",
                            "ephemeral_block_device.#": "0",
                            "iam_instance_profile": "",
                            "id": "i-05d50c76a3a52c09b",
                            "instance_state": "running",
                            "instance_type": "t2.micro",
                            "ipv6_addresses.#": "0",
                            "key_name": "sample-key20180218105859406300000001",
                            "monitoring": "false",
                            "network_interface.#": "0",
                            "network_interface_id": "eni-71d4bf7e",
                            "placement_group": "",
                            "primary_network_interface_id": "eni-71d4bf7e",
                            "private_dns": "ip-10-0-0-230.sa-east-1.compute.internal",
                            "private_ip": "10.0.0.230",
                            "public_dns": "",
                            "public_ip": "18.231.166.6",
                            "root_block_device.#": "1",
                            "root_block_device.0.delete_on_termination": "true",
                            "root_block_device.0.iops": "100",
                            "root_block_device.0.volume_id": "vol-0fb7eff1e44860fe6",
                            "root_block_device.0.volume_size": "8",
                            "root_block_device.0.volume_type": "gp2",
                            "security_groups.#": "0",
                            "source_dest_check": "true",
                            "subnet_id": "subnet-c6f0a3a1",
                            "tags.%": "0",
                            "tenancy": "default",
                            "volume_tags.%": "0",
                            "vpc_security_group_ids.#": "1",
                            "vpc_security_group_ids.600175356": "sg-948f3ef2"
                        },
                        "meta": {
                            "e2bfb730-ecaa-11e6-8f88-34363bc7c4c0": {
                                "create": 600000000000,
                                "delete": 600000000000,
                                "update": 600000000000
                            },
                            "schema_version": "1"
                        },
                        "tainted": false
                    },
                    "deposed": [],
                    "provider": "provider.aws"
                },
                "aws_instance.inst2": {
                    "type": "aws_instance",
                    "depends_on": [
                        "aws_key_pair.main",
                        "aws_security_group.allow-ssh-and-egress",
                        "data.aws_ami.ubuntu",
                        "module.networking"
                    ],
                    "primary": {
                        "id": "i-0f108d970bddf206e",
                        "attributes": {
                            "ami": "ami-bc9bd7d0",
                            "associate_public_ip_address": "true",
                            "availability_zone": "sa-east-1c",
                            "disable_api_termination": "false",
                            "ebs_block_device.#": "0",
                            "ebs_optimized": "false",
                            "ephemeral_block_device.#": "0",
                            "iam_instance_profile": "",
                            "id": "i-0f108d970bddf206e",
                            "instance_state": "running",
                            "instance_type": "t2.micro",
                            "ipv6_addresses.#": "0",
                            "key_name": "sample-key20180218105859406300000001",
                            "monitoring": "false",
                            "network_interface.#": "0",
                            "network_interface_id": "eni-7ebc4965",
                            "placement_group": "",
                            "primary_network_interface_id": "eni-7ebc4965",
                            "private_dns": "ip-10-0-1-129.sa-east-1.compute.internal",
                            "private_ip": "10.0.1.129",
                            "public_dns": "",
                            "public_ip": "18.231.153.96",
                            "root_block_device.#": "1",
                            "root_block_device.0.delete_on_termination": "true",
                            "root_block_device.0.iops": "100",
                            "root_block_device.0.volume_id": "vol-0072c77d36216a96c",
                            "root_block_device.0.volume_size": "8",
                            "root_block_device.0.volume_type": "gp2",
                            "security_groups.#": "0",
                            "source_dest_check": "true",
                            "subnet_id": "subnet-a4d6f5fc",
                            "tags.%": "0",
                            "tenancy": "default",
                            "volume_tags.%": "0",
                            "vpc_security_group_ids.#": "1",
                            "vpc_security_group_ids.2524148327": "sg-577acb31"
                        },
                        "meta": {
                            "e2bfb730-ecaa-11e6-8f88-34363bc7c4c0": {
                                "create": 600000000000,
                                "delete": 600000000000,
                                "update": 600000000000
                            },
                            "schema_version": "1"
                        },
                        "tainted": false
                    },
                    "deposed": [],
                    "provider": "provider.aws"
                },
                "aws_key_pair.main": {
                    "type": "aws_key_pair",
                    "depends_on": [],
                    "primary": {
                        "id": "sample-key20180218105859406300000001",
                        "attributes": {
                            "fingerprint": "20:dd:d0:2d:5a:f4:3c:2f:99:95:45:b3:e6:2f:6c:cb",
                            "id": "sample-key20180218105859406300000001",
                            "key_name": "sample-key20180218105859406300000001",
                            "key_name_prefix": "sample-key",
                            "public_key": "ssh-rsa AAAAB3NzaC1yc2EAAAADAQABAAACAQCf3y4OJDeEQMH7TA3WifiT8X49gKg8geprr3ESDRNlGQ0jqzS3SxdcuJcG5WcTWe7jiSMIPYOfUJxKwt21INcW8LYbK08s51mXUo+Kste/0/WbfD89ByyGaeD+ZJ9YatyL5r6Ce5W+0YikbgXrzSP1vNahjk6+gOH5ZgbeDgGDtUh2El4915ZA8OqOkQyJ6O3SsBVsf+xT8x15N4tR5sVmeyONYqQ6hIRNDeVtuZDQE0WmRNfAmIVJN0GdXq8ifSzJollJ0ZoHuaD+36rRYsTJSjSLFaJYiO/ZY21nMBKdvW1T9q2MF84qGhiCjQf9rNKnVHQCFf6SgzGGoc8VOsWgWPESHOitSIbHHa23sYOu8CC787hTGhExVzpb5xh95OKOHgMecLsFvU1P/UDasCrW5xyyoXEE34YL2nhQiey/wHZRcBWEjT6kdz670d0RWGjt28IYdJqCb0UY7Rl4uYVlBNd3cq2DU/ylXFM9BxPGUUjgTvC/eNeerU90mEIOWHTIcrIOVn38qo2rR+MbHT0hq173NPrPmA3+cPpt4PjIcw6fAbsVGUX9p7OBUsUnOYFMR9PzM5OcR9U5JevgX0ums4ZJDEe61G4ytRtp/qsJSiJrS+OzXd4F+syAJxqOYdj0StIThslk2dLpPvjWd6asviZhrXpczIxdg8h4snlD8Q== test@ops.tips"
                        },
                        "meta": {
                            "schema_version": "1"
                        },
                        "tainted": false
                    },
                    "deposed": [],
                    "provider": "provider.aws"
                },
                "aws_security_group.allow-ssh-and-egress": {
                    "type": "aws_security_group",
                    "depends_on": [
                        "module.networking"
                    ],
                    "primary": {
                        "id": "sg-577acb31",
                        "attributes": {
                            "description": "Allows SSH traffic into instances as well as all eggress.",
                            "egress.#": "1",
                            "egress.482069346.cidr_blocks.#": "1",
                            "egress.482069346.cidr_blocks.0": "0.0.0.0/0",
                            "egress.482069346.description": "",
                            "egress.482069346.from_port": "0",
                            "egress.482069346.ipv6_cidr_blocks.#": "0",
                            "egress.482069346.prefix_list_ids.#": "0",
                            "egress.482069346.protocol": "-1",
                            "egress.482069346.security_groups.#": "0",
                            "egress.482069346.self": "false",
                            "egress.482069346.to_port": "0",
                            "id": "sg-577acb31",
                            "ingress.#": "1",
                            "ingress.2541437006.cidr_blocks.#": "1",
                            "ingress.2541437006.cidr_blocks.0": "0.0.0.0/0",
                            "ingress.2541437006.description": "",
                            "ingress.2541437006.from_port": "22",
                            "ingress.2541437006.ipv6_cidr_blocks.#": "0",
                            "ingress.2541437006.protocol": "tcp",
                            "ingress.2541437006.security_groups.#": "0",
                            "ingress.2541437006.self": "false",
                            "ingress.2541437006.to_port": "22",
                            "name": "main",
                            "owner_id": "461528445026",
                            "revoke_rules_on_delete": "false",
                            "tags.%": "1",
                            "tags.Name": "allow_ssh-all",
                            "vpc_id": "vpc-bd4e93da"
                        },
                        "meta": {
                            "schema_version": "1"
                        },
                        "tainted": false
                    },
                    "deposed": [],
                    "provider": "provider.aws"
                },
                "data.aws_ami.ubuntu": {
                    "type": "aws_ami",
                    "depends_on": [],
                    "primary": {
                        "id": "ami-bc9bd7d0",
                        "attributes": {
                            "architecture": "x86_64",
                            "block_device_mappings.#": "3",
                            "block_device_mappings.1634610537.device_name": "/dev/sdb",
                            "block_device_mappings.1634610537.ebs.%": "0",
                            "block_device_mappings.1634610537.no_device": "",
                            "block_device_mappings.1634610537.virtual_name": "ephemeral0",
                            "block_device_mappings.2547816212.device_name": "/dev/sda1",
                            "block_device_mappings.2547816212.ebs.%": "6",
                            "block_device_mappings.2547816212.ebs.delete_on_termination": "true",
                            "block_device_mappings.2547816212.ebs.encrypted": "false",
                            "block_device_mappings.2547816212.ebs.iops": "0",
                            "block_device_mappings.2547816212.ebs.snapshot_id": "snap-04b1b7d9309161216",
                            "block_device_mappings.2547816212.ebs.volume_size": "8",
                            "block_device_mappings.2547816212.ebs.volume_type": "gp2",
                            "block_device_mappings.2547816212.no_device": "",
                            "block_device_mappings.2547816212.virtual_name": "",
                            "block_device_mappings.3850042718.device_name": "/dev/sdc",
                            "block_device_mappings.3850042718.ebs.%": "0",
                            "block_device_mappings.3850042718.no_device": "",
                            "block_device_mappings.3850042718.virtual_name": "ephemeral1",
                            "creation_date": "2018-01-26T22:05:10.000Z",
                            "description": "Canonical, Ubuntu, 17.10, amd64 artful image build on 2018-01-26",
                            "filter.#": "2",
                            "filter.1073875599.name": "name",
                            "filter.1073875599.values.#": "1",
                            "filter.1073875599.values.0": "ubuntu/images/hvm-ssd/ubuntu-artful-17.10-amd64-server-*",
                            "filter.490168357.name": "virtualization-type",
                            "filter.490168357.values.#": "1",
                            "filter.490168357.values.0": "hvm",
                            "hypervisor": "xen",
                            "id": "ami-bc9bd7d0",
                            "image_id": "ami-bc9bd7d0",
                            "image_location": "099720109477/ubuntu/images/hvm-ssd/ubuntu-artful-17.10-amd64-server-20180126",
                            "image_type": "machine",
                            "most_recent": "true",
                            "name": "ubuntu/images/hvm-ssd/ubuntu-artful-17.10-amd64-server-20180126",
                            "owner_id": "099720109477",
                            "owners.#": "1",
                            "owners.0": "099720109477",
                            "product_codes.#": "0",
                            "public": "true",
                            "root_device_name": "/dev/sda1",
                            "root_device_type": "ebs",
                            "root_snapshot_id": "snap-04b1b7d9309161216",
                            "sriov_net_support": "simple",
                            "state": "available",
                            "state_reason.%": "2",
                            "state_reason.code": "UNSET",
                            "state_reason.message": "UNSET",
                            "tags.%": "0",
                            "virtualization_type": "hvm"
                        },
                        "meta": {},
                        "tainted": false
                    },
                    "deposed": [],
                    "provider": "provider.aws"
                }
            },
            "depends_on": []
        },
        {
            "path": [
                "root",
                "networking"
            ],
            "outputs": {
                "az-subnet-id-mapping": {
                    "sensitive": false,
                    "type": "map",
                    "value": {
                        "subnet1": "subnet-c6f0a3a1",
                        "subnet2": "subnet-a4d6f5fc"
                    }
                },
                "vpc-id": {
                    "sensitive": false,
                    "type": "string",
                    "value": "vpc-bd4e93da"
                }
            },
            "resources": {
                "aws_internet_gateway.main": {
                    "type": "aws_internet_gateway",
                    "depends_on": [
                        "aws_vpc.main"
                    ],
                    "primary": {
                        "id": "igw-4104c125",
                        "attributes": {
                            "id": "igw-4104c125",
                            "tags.%": "0",
                            "vpc_id": "vpc-bd4e93da"
                        },
                        "meta": {},
                        "tainted": false
                    },
                    "deposed": [],
                    "provider": "provider.aws"
                },
                "aws_route.internet_access": {
                    "type": "aws_route",
                    "depends_on": [
                        "aws_internet_gateway.main",
                        "aws_vpc.main"
                    ],
                    "primary": {
                        "id": "r-rtb-dddf01ba1080289494",
                        "attributes": {
                            "destination_cidr_block": "0.0.0.0/0",
                            "destination_prefix_list_id": "",
                            "egress_only_gateway_id": "",
                            "gateway_id": "igw-4104c125",
                            "id": "r-rtb-dddf01ba1080289494",
                            "instance_id": "",
                            "instance_owner_id": "",
                            "nat_gateway_id": "",
                            "network_interface_id": "",
                            "origin": "CreateRoute",
                            "route_table_id": "rtb-dddf01ba",
                            "state": "active",
                            "vpc_peering_connection_id": ""
                        },
                        "meta": {},
                        "tainted": false
                    },
                    "deposed": [],
                    "provider": "provider.aws"
                },
                "aws_subnet.main.0": {
                    "type": "aws_subnet",
                    "depends_on": [
                        "aws_vpc.main"
                    ],
                    "primary": {
                        "id": "subnet-c6f0a3a1",
                        "attributes": {
                            "assign_ipv6_address_on_creation": "false",
                            "availability_zone": "sa-east-1a",
                            "cidr_block": "10.0.0.0/24",
                            "id": "subnet-c6f0a3a1",
                            "map_public_ip_on_launch": "true",
                            "tags.%": "1",
                            "tags.Name": "subnet1",
                            "vpc_id": "vpc-bd4e93da"
                        },
                        "meta": {
                            "schema_version": "1"
                        },
                        "tainted": false
                    },
                    "deposed": [],
                    "provider": "provider.aws"
                },
                "aws_subnet.main.1": {
                    "type": "aws_subnet",
                    "depends_on": [
                        "aws_vpc.main"
                    ],
                    "primary": {
                        "id": "subnet-a4d6f5fc",
                        "attributes": {
                            "assign_ipv6_address_on_creation": "false",
                            "availability_zone": "sa-east-1c",
                            "cidr_block": "10.0.1.0/24",
                            "id": "subnet-a4d6f5fc",
                            "map_public_ip_on_launch": "true",
                            "tags.%": "1",
                            "tags.Name": "subnet2",
                            "vpc_id": "vpc-bd4e93da"
                        },
                        "meta": {
                            "schema_version": "1"
                        },
                        "tainted": false
                    },
                    "deposed": [],
                    "provider": "provider.aws"
                },
                "aws_vpc.main": {
                    "type": "aws_vpc",
                    "depends_on": [],
                    "primary": {
                        "id": "vpc-bd4e93da",
                        "attributes": {
                            "assign_generated_ipv6_cidr_block": "false",
                            "cidr_block": "10.0.0.0/16",
                            "default_network_acl_id": "acl-8f65ace8",
                            "default_route_table_id": "rtb-dddf01ba",
                            "default_security_group_id": "sg-948f3ef2",
                            "dhcp_options_id": "dopt-a20007c7",
                            "enable_classiclink": "false",
                            "enable_classiclink_dns_support": "false",
                            "enable_dns_hostnames": "false",
                            "enable_dns_support": "true",
                            "id": "vpc-bd4e93da",
                            "instance_tenancy": "default",
                            "main_route_table_id": "rtb-dddf01ba",
                            "tags.%": "0"
                        },
                        "meta": {
                            "schema_version": "1"
                        },
                        "tainted": false
                    },
                    "deposed": [],
                    "provider": "provider.aws"
                }
            },
            "depends_on": []
        }
    ]
}
